
Microsoft Visual Studio Solution File, Format Version 12.00
# Visual Studio Version 17
VisualStudioVersion = 17.13.35818.85 d17.13
MinimumVisualStudioVersion = 10.0.40219.1
Project("{FAE04EC0-301F-11D3-BF4B-00C04F79EFBC}") = "ProyectoF_FabioCalix_CristopherFlores", "ProyectoF_FabioCalix_CristopherFlores\ProyectoF_FabioCalix_CristopherFlores.csproj", "{CCE76959-0D87-471E-838A-A7FC69A9A3E5}"
EndProject
Global
	GlobalSection(SolutionConfigurationPlatforms) = preSolution
		Debug|Any CPU = Debug|Any CPU
		Release|Any CPU = Release|Any CPU
	EndGlobalSection
	GlobalSection(ProjectConfigurationPlatforms) = postSolution
		{CCE76959-0D87-471E-838A-A7FC69A9A3E5}.Debug|Any CPU.ActiveCfg = Debug|Any CPU
		{CCE76959-0D87-471E-838A-A7FC69A9A3E5}.Debug|Any CPU.Build.0 = Debug|Any CPU
		{CCE76959-0D87-471E-838A-A7FC69A9A3E5}.Release|Any CPU.ActiveCfg = Release|Any CPU
		{CCE76959-0D87-471E-838A-A7FC69A9A3E5}.Release|Any CPU.Build.0 = Release|Any CPU
	EndGlobalSection
	GlobalSection(SolutionProperties) = preSolution
		HideSolutionNode = FALSE
	EndGlobalSection
	GlobalSection(ExtensibilityGlobals) = postSolution
		SolutionGuid = {AAA96860-971D-4D4A-8069-CACD34C36FCC}
	EndGlobalSection
EndGlobal
